
Microsoft Visual Studio Solution File, Format Version 12.00
# Visual Studio 2012
Project("{FAE04EC0-301F-11D3-BF4B-00C04F79EFBC}") = "DILight", "DILight\DILight.csproj", "{082C60F2-D73B-492A-9EA9-944245D8035E}"
EndProject
Project("{FAE04EC0-301F-11D3-BF4B-00C04F79EFBC}") = "DILight.Tests.Unit", "DILight.Tests.Unit\DILight.Tests.Unit.csproj", "{9C54145E-F8C4-4205-B179-F96C35099C9B}"
EndProject
Project("{2150E333-8FDC-42A3-9474-1A3956D46DE8}") = ".nuget", ".nuget", "{9CA776FC-21B7-492C-9BFD-AFEA32375AF6}"
	ProjectSection(SolutionItems) = preProject
		.nuget\packages.config = .nuget\packages.config
	EndProjectSection
EndProject
Global
	GlobalSection(SolutionConfigurationPlatforms) = preSolution
		Debug|Any CPU = Debug|Any CPU
		Release|Any CPU = Release|Any CPU
	EndGlobalSection
	GlobalSection(ProjectConfigurationPlatforms) = postSolution
		{082C60F2-D73B-492A-9EA9-944245D8035E}.Debug|Any CPU.ActiveCfg = Debug|Any CPU
		{082C60F2-D73B-492A-9EA9-944245D8035E}.Debug|Any CPU.Build.0 = Debug|Any CPU
		{082C60F2-D73B-492A-9EA9-944245D8035E}.Release|Any CPU.ActiveCfg = Release|Any CPU
		{082C60F2-D73B-492A-9EA9-944245D8035E}.Release|Any CPU.Build.0 = Release|Any CPU
		{9C54145E-F8C4-4205-B179-F96C35099C9B}.Debug|Any CPU.ActiveCfg = Debug|Any CPU
		{9C54145E-F8C4-4205-B179-F96C35099C9B}.Debug|Any CPU.Build.0 = Debug|Any CPU
		{9C54145E-F8C4-4205-B179-F96C35099C9B}.Release|Any CPU.ActiveCfg = Release|Any CPU
		{9C54145E-F8C4-4205-B179-F96C35099C9B}.Release|Any CPU.Build.0 = Release|Any CPU
	EndGlobalSection
	GlobalSection(SolutionProperties) = preSolution
		HideSolutionNode = FALSE
	EndGlobalSection
EndGlobal
